// !$*UTF8*$!
{
	archiveVersion = 1;
	classes = {
	};
	objectVersion = 56;
	objects = {

/* Begin PBXBuildFile section */
		173F0C432B0C07B900159458 /* FructusApp.swift in Sources */ = {isa = PBXBuildFile; fileRef = 173F0C422B0C07B900159458 /* FructusApp.swift */; };
		173F0C452B0C07B900159458 /* ContentView.swift in Sources */ = {isa = PBXBuildFile; fileRef = 173F0C442B0C07B900159458 /* ContentView.swift */; };
		173F0C472B0C07BB00159458 /* Assets.xcassets in Resources */ = {isa = PBXBuildFile; fileRef = 173F0C462B0C07BB00159458 /* Assets.xcassets */; };
		173F0C4A2B0C07BB00159458 /* Preview Assets.xcassets in Resources */ = {isa = PBXBuildFile; fileRef = 173F0C492B0C07BB00159458 /* Preview Assets.xcassets */; };
		173F0C532B0C11BB00159458 /* FruitCardView.swift in Sources */ = {isa = PBXBuildFile; fileRef = 173F0C522B0C11BB00159458 /* FruitCardView.swift */; };
		173F0C552B0C191300159458 /* StartButtonView.swift in Sources */ = {isa = PBXBuildFile; fileRef = 173F0C542B0C191300159458 /* StartButtonView.swift */; };
		173F0C572B0C1CD400159458 /* OnboardingView.swift in Sources */ = {isa = PBXBuildFile; fileRef = 173F0C562B0C1CD400159458 /* OnboardingView.swift */; };
		175596672B0E40E00077CFC3 /* FruitRowView.swift in Sources */ = {isa = PBXBuildFile; fileRef = 175596662B0E40E00077CFC3 /* FruitRowView.swift */; };
		175596692B0F61130077CFC3 /* FruitDetailView.swift in Sources */ = {isa = PBXBuildFile; fileRef = 175596682B0F61130077CFC3 /* FruitDetailView.swift */; };
		1755966B2B0F7E2A0077CFC3 /* FruitHeaderView.swift in Sources */ = {isa = PBXBuildFile; fileRef = 1755966A2B0F7E2A0077CFC3 /* FruitHeaderView.swift */; };
		1755966D2B0F85BC0077CFC3 /* SourseLinkView.swift in Sources */ = {isa = PBXBuildFile; fileRef = 1755966C2B0F85BC0077CFC3 /* SourseLinkView.swift */; };
		176BA09A2B0CCF1A00E123CC /* FruitModel.swift in Sources */ = {isa = PBXBuildFile; fileRef = 176BA0992B0CCF1A00E123CC /* FruitModel.swift */; };
		176BA09D2B0CD09E00E123CC /* FruitData.swift in Sources */ = {isa = PBXBuildFile; fileRef = 176BA09C2B0CD09E00E123CC /* FruitData.swift */; };
		17E5BD112B10CC17000D3902 /* FruitNutriensView.swift in Sources */ = {isa = PBXBuildFile; fileRef = 17E5BD102B10CC17000D3902 /* FruitNutriensView.swift */; };
		17E5BD132B10D34F000D3902 /* SettingsView.swift in Sources */ = {isa = PBXBuildFile; fileRef = 17E5BD122B10D34F000D3902 /* SettingsView.swift */; };
		17E5BD152B10D929000D3902 /* SettingsLabelView.swift in Sources */ = {isa = PBXBuildFile; fileRef = 17E5BD142B10D929000D3902 /* SettingsLabelView.swift */; };
		17E5BD172B124537000D3902 /* SettingsRowView.swift in Sources */ = {isa = PBXBuildFile; fileRef = 17E5BD162B124537000D3902 /* SettingsRowView.swift */; };
/* End PBXBuildFile section */

/* Begin PBXFileReference section */
		173F0C3F2B0C07B900159458 /* Fructus.app */ = {isa = PBXFileReference; explicitFileType = wrapper.application; includeInIndex = 0; path = Fructus.app; sourceTree = BUILT_PRODUCTS_DIR; };
		173F0C422B0C07B900159458 /* FructusApp.swift */ = {isa = PBXFileReference; lastKnownFileType = sourcecode.swift; path = FructusApp.swift; sourceTree = "<group>"; };
		173F0C442B0C07B900159458 /* ContentView.swift */ = {isa = PBXFileReference; lastKnownFileType = sourcecode.swift; path = ContentView.swift; sourceTree = "<group>"; };
		173F0C462B0C07BB00159458 /* Assets.xcassets */ = {isa = PBXFileReference; lastKnownFileType = folder.assetcatalog; path = Assets.xcassets; sourceTree = "<group>"; };
		173F0C492B0C07BB00159458 /* Preview Assets.xcassets */ = {isa = PBXFileReference; lastKnownFileType = folder.assetcatalog; path = "Preview Assets.xcassets"; sourceTree = "<group>"; };
		173F0C522B0C11BB00159458 /* FruitCardView.swift */ = {isa = PBXFileReference; lastKnownFileType = sourcecode.swift; path = FruitCardView.swift; sourceTree = "<group>"; };
		173F0C542B0C191300159458 /* StartButtonView.swift */ = {isa = PBXFileReference; lastKnownFileType = sourcecode.swift; path = StartButtonView.swift; sourceTree = "<group>"; };
		173F0C562B0C1CD400159458 /* OnboardingView.swift */ = {isa = PBXFileReference; lastKnownFileType = sourcecode.swift; path = OnboardingView.swift; sourceTree = "<group>"; };
		175596662B0E40E00077CFC3 /* FruitRowView.swift */ = {isa = PBXFileReference; lastKnownFileType = sourcecode.swift; path = FruitRowView.swift; sourceTree = "<group>"; };
		175596682B0F61130077CFC3 /* FruitDetailView.swift */ = {isa = PBXFileReference; lastKnownFileType = sourcecode.swift; path = FruitDetailView.swift; sourceTree = "<group>"; };
		1755966A2B0F7E2A0077CFC3 /* FruitHeaderView.swift */ = {isa = PBXFileReference; lastKnownFileType = sourcecode.swift; path = FruitHeaderView.swift; sourceTree = "<group>"; };
		1755966C2B0F85BC0077CFC3 /* SourseLinkView.swift */ = {isa = PBXFileReference; lastKnownFileType = sourcecode.swift; path = SourseLinkView.swift; sourceTree = "<group>"; };
		176BA0992B0CCF1A00E123CC /* FruitModel.swift */ = {isa = PBXFileReference; lastKnownFileType = sourcecode.swift; path = FruitModel.swift; sourceTree = "<group>"; };
		176BA09C2B0CD09E00E123CC /* FruitData.swift */ = {isa = PBXFileReference; lastKnownFileType = sourcecode.swift; path = FruitData.swift; sourceTree = "<group>"; };
		17E5BD102B10CC17000D3902 /* FruitNutriensView.swift */ = {isa = PBXFileReference; lastKnownFileType = sourcecode.swift; path = FruitNutriensView.swift; sourceTree = "<group>"; };
		17E5BD122B10D34F000D3902 /* SettingsView.swift */ = {isa = PBXFileReference; lastKnownFileType = sourcecode.swift; path = SettingsView.swift; sourceTree = "<group>"; };
		17E5BD142B10D929000D3902 /* SettingsLabelView.swift */ = {isa = PBXFileReference; lastKnownFileType = sourcecode.swift; path = SettingsLabelView.swift; sourceTree = "<group>"; };
		17E5BD162B124537000D3902 /* SettingsRowView.swift */ = {isa = PBXFileReference; lastKnownFileType = sourcecode.swift; path = SettingsRowView.swift; sourceTree = "<group>"; };
/* End PBXFileReference section */

/* Begin PBXFrameworksBuildPhase section */
		173F0C3C2B0C07B900159458 /* Frameworks */ = {
			isa = PBXFrameworksBuildPhase;
			buildActionMask = 2147483647;
			files = (
			);
			runOnlyForDeploymentPostprocessing = 0;
		};
/* End PBXFrameworksBuildPhase section */

/* Begin PBXGroup section */
		173F0C362B0C07B900159458 = {
			isa = PBXGroup;
			children = (
				173F0C412B0C07B900159458 /* Fructus */,
				173F0C402B0C07B900159458 /* Products */,
			);
			sourceTree = "<group>";
		};
		173F0C402B0C07B900159458 /* Products */ = {
			isa = PBXGroup;
			children = (
				173F0C3F2B0C07B900159458 /* Fructus.app */,
			);
			name = Products;
			sourceTree = "<group>";
		};
		173F0C412B0C07B900159458 /* Fructus */ = {
			isa = PBXGroup;
			children = (
				176BA09B2B0CD08900E123CC /* Data */,
				176BA0982B0CCF0000E123CC /* Model */,
				173F0C512B0C119000159458 /* View */,
				173F0C502B0C116100159458 /* App */,
				173F0C462B0C07BB00159458 /* Assets.xcassets */,
				173F0C482B0C07BB00159458 /* Preview Content */,
			);
			path = Fructus;
			sourceTree = "<group>";
		};
		173F0C482B0C07BB00159458 /* Preview Content */ = {
			isa = PBXGroup;
			children = (
				173F0C492B0C07BB00159458 /* Preview Assets.xcassets */,
			);
			path = "Preview Content";
			sourceTree = "<group>";
		};
		173F0C502B0C116100159458 /* App */ = {
			isa = PBXGroup;
			children = (
				173F0C422B0C07B900159458 /* FructusApp.swift */,
				173F0C442B0C07B900159458 /* ContentView.swift */,
				173F0C562B0C1CD400159458 /* OnboardingView.swift */,
				175596682B0F61130077CFC3 /* FruitDetailView.swift */,
				17E5BD122B10D34F000D3902 /* SettingsView.swift */,
			);
			path = App;
			sourceTree = "<group>";
		};
		173F0C512B0C119000159458 /* View */ = {
			isa = PBXGroup;
			children = (
				173F0C522B0C11BB00159458 /* FruitCardView.swift */,
				173F0C542B0C191300159458 /* StartButtonView.swift */,
				175596662B0E40E00077CFC3 /* FruitRowView.swift */,
				1755966A2B0F7E2A0077CFC3 /* FruitHeaderView.swift */,
				1755966C2B0F85BC0077CFC3 /* SourseLinkView.swift */,
				17E5BD102B10CC17000D3902 /* FruitNutriensView.swift */,
				17E5BD162B124537000D3902 /* SettingsRowView.swift */,
				17E5BD142B10D929000D3902 /* SettingsLabelView.swift */,
			);
			path = View;
			sourceTree = "<group>";
		};
		176BA0982B0CCF0000E123CC /* Model */ = {
			isa = PBXGroup;
			children = (
				176BA0992B0CCF1A00E123CC /* FruitModel.swift */,
			);
			path = Model;
			sourceTree = "<group>";
		};
		176BA09B2B0CD08900E123CC /* Data */ = {
			isa = PBXGroup;
			children = (
				176BA09C2B0CD09E00E123CC /* FruitData.swift */,
			);
			path = Data;
			sourceTree = "<group>";
		};
/* End PBXGroup section */

/* Begin PBXNativeTarget section */
		173F0C3E2B0C07B900159458 /* Fructus */ = {
			isa = PBXNativeTarget;
			buildConfigurationList = 173F0C4D2B0C07BB00159458 /* Build configuration list for PBXNativeTarget "Fructus" */;
			buildPhases = (
				173F0C3B2B0C07B900159458 /* Sources */,
				173F0C3C2B0C07B900159458 /* Frameworks */,
				173F0C3D2B0C07B900159458 /* Resources */,
			);
			buildRules = (
			);
			dependencies = (
			);
			name = Fructus;
			productName = Fructus;
			productReference = 173F0C3F2B0C07B900159458 /* Fructus.app */;
			productType = "com.apple.product-type.application";
		};
/* End PBXNativeTarget section */

/* Begin PBXProject section */
		173F0C372B0C07B900159458 /* Project object */ = {
			isa = PBXProject;
			attributes = {
				BuildIndependentTargetsInParallel = 1;
				LastSwiftUpdateCheck = 1500;
				LastUpgradeCheck = 1500;
				TargetAttributes = {
					173F0C3E2B0C07B900159458 = {
						CreatedOnToolsVersion = 15.0.1;
					};
				};
			};
			buildConfigurationList = 173F0C3A2B0C07B900159458 /* Build configuration list for PBXProject "Fructus" */;
			compatibilityVersion = "Xcode 14.0";
			developmentRegion = en;
			hasScannedForEncodings = 0;
			knownRegions = (
				en,
				Base,
			);
			mainGroup = 173F0C362B0C07B900159458;
			productRefGroup = 173F0C402B0C07B900159458 /* Products */;
			projectDirPath = "";
			projectRoot = "";
			targets = (
				173F0C3E2B0C07B900159458 /* Fructus */,
			);
		};
/* End PBXProject section */

/* Begin PBXResourcesBuildPhase section */
		173F0C3D2B0C07B900159458 /* Resources */ = {
			isa = PBXResourcesBuildPhase;
			buildActionMask = 2147483647;
			files = (
				173F0C4A2B0C07BB00159458 /* Preview Assets.xcassets in Resources */,
				173F0C472B0C07BB00159458 /* Assets.xcassets in Resources */,
			);
			runOnlyForDeploymentPostprocessing = 0;
		};
/* End PBXResourcesBuildPhase section */

/* Begin PBXSourcesBuildPhase section */
		173F0C3B2B0C07B900159458 /* Sources */ = {
			isa = PBXSourcesBuildPhase;
			buildActionMask = 2147483647;
			files = (
				176BA09D2B0CD09E00E123CC /* FruitData.swift in Sources */,
				1755966D2B0F85BC0077CFC3 /* SourseLinkView.swift in Sources */,
				17E5BD172B124537000D3902 /* SettingsRowView.swift in Sources */,
				173F0C532B0C11BB00159458 /* FruitCardView.swift in Sources */,
				175596672B0E40E00077CFC3 /* FruitRowView.swift in Sources */,
				173F0C572B0C1CD400159458 /* OnboardingView.swift in Sources */,
				175596692B0F61130077CFC3 /* FruitDetailView.swift in Sources */,
				173F0C552B0C191300159458 /* StartButtonView.swift in Sources */,
				1755966B2B0F7E2A0077CFC3 /* FruitHeaderView.swift in Sources */,
				173F0C452B0C07B900159458 /* ContentView.swift in Sources */,
				176BA09A2B0CCF1A00E123CC /* FruitModel.swift in Sources */,
				17E5BD152B10D929000D3902 /* SettingsLabelView.swift in Sources */,
				173F0C432B0C07B900159458 /* FructusApp.swift in Sources */,
				17E5BD112B10CC17000D3902 /* FruitNutriensView.swift in Sources */,
				17E5BD132B10D34F000D3902 /* SettingsView.swift in Sources */,
			);
			runOnlyForDeploymentPostprocessing = 0;
		};
/* End PBXSourcesBuildPhase section */

/* Begin XCBuildConfiguration section */
		173F0C4B2B0C07BB00159458 /* Debug */ = {
			isa = XCBuildConfiguration;
			buildSettings = {
				ALWAYS_SEARCH_USER_PATHS = NO;
				ASSETCATALOG_COMPILER_GENERATE_SWIFT_ASSET_SYMBOL_EXTENSIONS = YES;
				CLANG_ANALYZER_NONNULL = YES;
				CLANG_ANALYZER_NUMBER_OBJECT_CONVERSION = YES_AGGRESSIVE;
				CLANG_CXX_LANGUAGE_STANDARD = "gnu++20";
				CLANG_ENABLE_MODULES = YES;
				CLANG_ENABLE_OBJC_ARC = YES;
				CLANG_ENABLE_OBJC_WEAK = YES;
				CLANG_WARN_BLOCK_CAPTURE_AUTORELEASING = YES;
				CLANG_WARN_BOOL_CONVERSION = YES;
				CLANG_WARN_COMMA = YES;
				CLANG_WARN_CONSTANT_CONVERSION = YES;
				CLANG_WARN_DEPRECATED_OBJC_IMPLEMENTATIONS = YES;
				CLANG_WARN_DIRECT_OBJC_ISA_USAGE = YES_ERROR;
				CLANG_WARN_DOCUMENTATION_COMMENTS = YES;
				CLANG_WARN_EMPTY_BODY = YES;
				CLANG_WARN_ENUM_CONVERSION = YES;
				CLANG_WARN_INFINITE_RECURSION = YES;
				CLANG_WARN_INT_CONVERSION = YES;
				CLANG_WARN_NON_LITERAL_NULL_CONVERSION = YES;
				CLANG_WARN_OBJC_IMPLICIT_RETAIN_SELF = YES;
				CLANG_WARN_OBJC_LITERAL_CONVERSION = YES;
				CLANG_WARN_OBJC_ROOT_CLASS = YES_ERROR;
				CLANG_WARN_QUOTED_INCLUDE_IN_FRAMEWORK_HEADER = YES;
				CLANG_WARN_RANGE_LOOP_ANALYSIS = YES;
				CLANG_WARN_STRICT_PROTOTYPES = YES;
				CLANG_WARN_SUSPICIOUS_MOVE = YES;
				CLANG_WARN_UNGUARDED_AVAILABILITY = YES_AGGRESSIVE;
				CLANG_WARN_UNREACHABLE_CODE = YES;
				CLANG_WARN__DUPLICATE_METHOD_MATCH = YES;
				COPY_PHASE_STRIP = NO;
				DEBUG_INFORMATION_FORMAT = dwarf;
				ENABLE_STRICT_OBJC_MSGSEND = YES;
				ENABLE_TESTABILITY = YES;
				ENABLE_USER_SCRIPT_SANDBOXING = YES;
				GCC_C_LANGUAGE_STANDARD = gnu17;
				GCC_DYNAMIC_NO_PIC = NO;
				GCC_NO_COMMON_BLOCKS = YES;
				GCC_OPTIMIZATION_LEVEL = 0;
				GCC_PREPROCESSOR_DEFINITIONS = (
					"DEBUG=1",
					"$(inherited)",
				);
				GCC_WARN_64_TO_32_BIT_CONVERSION = YES;
				GCC_WARN_ABOUT_RETURN_TYPE = YES_ERROR;
				GCC_WARN_UNDECLARED_SELECTOR = YES;
				GCC_WARN_UNINITIALIZED_AUTOS = YES_AGGRESSIVE;
				GCC_WARN_UNUSED_FUNCTION = YES;
				GCC_WARN_UNUSED_VARIABLE = YES;
				IPHONEOS_DEPLOYMENT_TARGET = 17.0;
				LOCALIZATION_PREFERS_STRING_CATALOGS = YES;
				MTL_ENABLE_DEBUG_INFO = INCLUDE_SOURCE;
				MTL_FAST_MATH = YES;
				ONLY_ACTIVE_ARCH = YES;
				SDKROOT = iphoneos;
				SWIFT_ACTIVE_COMPILATION_CONDITIONS = "DEBUG $(inherited)";
				SWIFT_OPTIMIZATION_LEVEL = "-Onone";
			};
			name = Debug;
		};
		173F0C4C2B0C07BB00159458 /* Release */ = {
			isa = XCBuildConfiguration;
			buildSettings = {
				ALWAYS_SEARCH_USER_PATHS = NO;
				ASSETCATALOG_COMPILER_GENERATE_SWIFT_ASSET_SYMBOL_EXTENSIONS = YES;
				CLANG_ANALYZER_NONNULL = YES;
				CLANG_ANALYZER_NUMBER_OBJECT_CONVERSION = YES_AGGRESSIVE;
				CLANG_CXX_LANGUAGE_STANDARD = "gnu++20";
				CLANG_ENABLE_MODULES = YES;
				CLANG_ENABLE_OBJC_ARC = YES;
				CLANG_ENABLE_OBJC_WEAK = YES;
				CLANG_WARN_BLOCK_CAPTURE_AUTORELEASING = YES;
				CLANG_WARN_BOOL_CONVERSION = YES;
				CLANG_WARN_COMMA = YES;
				CLANG_WARN_CONSTANT_CONVERSION = YES;
				CLANG_WARN_DEPRECATED_OBJC_IMPLEMENTATIONS = YES;
				CLANG_WARN_DIRECT_OBJC_ISA_USAGE = YES_ERROR;
				CLANG_WARN_DOCUMENTATION_COMMENTS = YES;
				CLANG_WARN_EMPTY_BODY = YES;
				CLANG_WARN_ENUM_CONVERSION = YES;
				CLANG_WARN_INFINITE_RECURSION = YES;
				CLANG_WARN_INT_CONVERSION = YES;
				CLANG_WARN_NON_LITERAL_NULL_CONVERSION = YES;
				CLANG_WARN_OBJC_IMPLICIT_RETAIN_SELF = YES;
				CLANG_WARN_OBJC_LITERAL_CONVERSION = YES;
				CLANG_WARN_OBJC_ROOT_CLASS = YES_ERROR;
				CLANG_WARN_QUOTED_INCLUDE_IN_FRAMEWORK_HEADER = YES;
				CLANG_WARN_RANGE_LOOP_ANALYSIS = YES;
				CLANG_WARN_STRICT_PROTOTYPES = YES;
				CLANG_WARN_SUSPICIOUS_MOVE = YES;
				CLANG_WARN_UNGUARDED_AVAILABILITY = YES_AGGRESSIVE;
				CLANG_WARN_UNREACHABLE_CODE = YES;
				CLANG_WARN__DUPLICATE_METHOD_MATCH = YES;
				COPY_PHASE_STRIP = NO;
				DEBUG_INFORMATION_FORMAT = "dwarf-with-dsym";
				ENABLE_NS_ASSERTIONS = NO;
				ENABLE_STRICT_OBJC_MSGSEND = YES;
				ENABLE_USER_SCRIPT_SANDBOXING = YES;
				GCC_C_LANGUAGE_STANDARD = gnu17;
				GCC_NO_COMMON_BLOCKS = YES;
				GCC_WARN_64_TO_32_BIT_CONVERSION = YES;
				GCC_WARN_ABOUT_RETURN_TYPE = YES_ERROR;
				GCC_WARN_UNDECLARED_SELECTOR = YES;
				GCC_WARN_UNINITIALIZED_AUTOS = YES_AGGRESSIVE;
				GCC_WARN_UNUSED_FUNCTION = YES;
				GCC_WARN_UNUSED_VARIABLE = YES;
				IPHONEOS_DEPLOYMENT_TARGET = 17.0;
				LOCALIZATION_PREFERS_STRING_CATALOGS = YES;
				MTL_ENABLE_DEBUG_INFO = NO;
				MTL_FAST_MATH = YES;
				SDKROOT = iphoneos;
				SWIFT_COMPILATION_MODE = wholemodule;
				VALIDATE_PRODUCT = YES;
			};
			name = Release;
		};
		173F0C4E2B0C07BB00159458 /* Debug */ = {
			isa = XCBuildConfiguration;
			buildSettings = {
				ASSETCATALOG_COMPILER_APPICON_NAME = AppIcon;
				ASSETCATALOG_COMPILER_GLOBAL_ACCENT_COLOR_NAME = AccentColor;
				CODE_SIGN_STYLE = Automatic;
				CURRENT_PROJECT_VERSION = 1;
				DEVELOPMENT_ASSET_PATHS = "\"Fructus/Preview Content\"";
				DEVELOPMENT_TEAM = 4BN8YQ34A6;
				ENABLE_PREVIEWS = YES;
				GENERATE_INFOPLIST_FILE = YES;
				INFOPLIST_KEY_UIApplicationSceneManifest_Generation = YES;
				INFOPLIST_KEY_UIApplicationSupportsIndirectInputEvents = YES;
				INFOPLIST_KEY_UILaunchScreen_Generation = YES;
				INFOPLIST_KEY_UISupportedInterfaceOrientations = UIInterfaceOrientationPortrait;
				INFOPLIST_KEY_UISupportedInterfaceOrientations_iPad = "UIInterfaceOrientationLandscapeLeft UIInterfaceOrientationLandscapeRight UIInterfaceOrientationPortrait UIInterfaceOrientationPortraitUpsideDown";
				LD_RUNPATH_SEARCH_PATHS = (
					"$(inherited)",
					"@executable_path/Frameworks",
				);
				MARKETING_VERSION = 1.0;
				PRODUCT_BUNDLE_IDENTIFIER = com.qwertikkk.Fructus;
				PRODUCT_NAME = "$(TARGET_NAME)";
				SWIFT_EMIT_LOC_STRINGS = YES;
				SWIFT_VERSION = 5.0;
				TARGETED_DEVICE_FAMILY = "1,2";
			};
			name = Debug;
		};
		173F0C4F2B0C07BB00159458 /* Release */ = {
			isa = XCBuildConfiguration;
			buildSettings = {
				ASSETCATALOG_COMPILER_APPICON_NAME = AppIcon;
				ASSETCATALOG_COMPILER_GLOBAL_ACCENT_COLOR_NAME = AccentColor;
				CODE_SIGN_STYLE = Automatic;
				CURRENT_PROJECT_VERSION = 1;
				DEVELOPMENT_ASSET_PATHS = "\"Fructus/Preview Content\"";
				DEVELOPMENT_TEAM = 4BN8YQ34A6;
				ENABLE_PREVIEWS = YES;
				GENERATE_INFOPLIST_FILE = YES;
				INFOPLIST_KEY_UIApplicationSceneManifest_Generation = YES;
				INFOPLIST_KEY_UIApplicationSupportsIndirectInputEvents = YES;
				INFOPLIST_KEY_UILaunchScreen_Generation = YES;
				INFOPLIST_KEY_UISupportedInterfaceOrientations = UIInterfaceOrientationPortrait;
				INFOPLIST_KEY_UISupportedInterfaceOrientations_iPad = "UIInterfaceOrientationLandscapeLeft UIInterfaceOrientationLandscapeRight UIInterfaceOrientationPortrait UIInterfaceOrientationPortraitUpsideDown";
				LD_RUNPATH_SEARCH_PATHS = (
					"$(inherited)",
					"@executable_path/Frameworks",
				);
				MARKETING_VERSION = 1.0;
				PRODUCT_BUNDLE_IDENTIFIER = com.qwertikkk.Fructus;
				PRODUCT_NAME = "$(TARGET_NAME)";
				SWIFT_EMIT_LOC_STRINGS = YES;
				SWIFT_VERSION = 5.0;
				TARGETED_DEVICE_FAMILY = "1,2";
			};
			name = Release;
		};
/* End XCBuildConfiguration section */

/* Begin XCConfigurationList section */
		173F0C3A2B0C07B900159458 /* Build configuration list for PBXProject "Fructus" */ = {
			isa = XCConfigurationList;
			buildConfigurations = (
				173F0C4B2B0C07BB00159458 /* Debug */,
				173F0C4C2B0C07BB00159458 /* Release */,
			);
			defaultConfigurationIsVisible = 0;
			defaultConfigurationName = Release;
		};
		173F0C4D2B0C07BB00159458 /* Build configuration list for PBXNativeTarget "Fructus" */ = {
			isa = XCConfigurationList;
			buildConfigurations = (
				173F0C4E2B0C07BB00159458 /* Debug */,
				173F0C4F2B0C07BB00159458 /* Release */,
			);
			defaultConfigurationIsVisible = 0;
			defaultConfigurationName = Release;
		};
/* End XCConfigurationList section */
	};
	rootObject = 173F0C372B0C07B900159458 /* Project object */;
}
